schema: '2.0'
stages:
  split:
    cmd: python src/split.py
    deps:
    - path: requirements.txt
      md5: 332270f497b8b8ec534699bec0f3474c
      size: 41
    - path: resources/data.txt
      md5: 7ac66c0f148de9519b8bd264312c4d64
      size: 7
    - path: src/split.py
      md5: b0c5fffb01298d41cde91bb62d61a44b
      size: 420
    params:
      params.yaml:
        split:
          seed: 42
          size: 20
          step: 10
    outs:
    - path: resources/test.txt
      md5: 38e7611c76c8ce425ea876aee6cb3d18
      size: 4
    - path: resources/train.txt
      md5: 865fe807bb0ed8ffba5fcfd7c12269f5
      size: 3
  train:
    cmd: python src/train.py
    deps:
    - path: requirements.txt
      md5: 332270f497b8b8ec534699bec0f3474c
      size: 41
    - path: resources/train.txt
      md5: 865fe807bb0ed8ffba5fcfd7c12269f5
      size: 3
    - path: src/train.py
      md5: 2147c9ca45a2865796b2a5102a2f6809
      size: 434
    params:
      params.yaml:
        train:
          seed: 42
          pre_trained: true
          lr: 0.02
    outs:
    - path: resources/model.txt
      md5: 82616f14a8130d55fe6359743f3d635d
      size: 32
  eval:
    cmd: python src/eval.py
    deps:
    - path: requirements.txt
      md5: 332270f497b8b8ec534699bec0f3474c
      size: 41
    - path: resources/model.txt
      md5: 82616f14a8130d55fe6359743f3d635d
      size: 32
    - path: resources/test.txt
      md5: 38e7611c76c8ce425ea876aee6cb3d18
      size: 4
    - path: src/eval.py
      md5: bb70f014d1d469dcf11daf3475d7eb3e
      size: 1288

    params:
      params.yaml:
        eval:
          seed: 42
          smth: 123
          accuracy: 0.7
          f1: 0.8
    outs:
    - path: metrics.json
      md5: 5bcd1ab3373199d8c165d9b32fbaea5c
      size: 43
    - path: resources/images/
      md5: 90425f0c50ff64c5dc1fe3b53adea6e3.dir
      size: 2330389
      nfiles: 3
